
Microsoft Visual Studio Solution File, Format Version 12.00
# Visual Studio Version 16
VisualStudioVersion = 16.0.28917.182
MinimumVisualStudioVersion = 10.0.40219.1
Project("{2150E333-8FDC-42A3-9474-1A3956D46DE8}") = "01 - Manage program flow", "01 - Manage program flow", "{B473A6A9-FAD7-435D-AD4E-1C681F0549D4}"
EndProject
Project("{FAE04EC0-301F-11D3-BF4B-00C04F79EFBC}") = "Listing_1.01Parallel_Invoke", "Listing_1.1Parallel_Invoke\Listing_1.01Parallel_Invoke.csproj", "{9A5DA7F9-C937-4B2D-8A91-DA5580572A04}"
EndProject
Project("{FAE04EC0-301F-11D3-BF4B-00C04F79EFBC}") = "Listing_1.02ParallelForEach", "Listing_1.2ParallelForEach\Listing_1.02ParallelForEach.csproj", "{59BF1DA9-C099-49A2-8AB4-BCF4298585D6}"
EndProject
Project("{FAE04EC0-301F-11D3-BF4B-00C04F79EFBC}") = "Listing_1.03ParallelFor", "Listin_1.3ParallelFor\Listing_1.03ParallelFor.csproj", "{F17B51B2-1A1D-4895-A4D4-55CF4F67BCC8}"
EndProject
Project("{FAE04EC0-301F-11D3-BF4B-00C04F79EFBC}") = "Listing_1.04ManagingParallelFor", "Listing_1.4ManagingParallelFor\Listing_1.04ManagingParallelFor.csproj", "{8023335B-28A3-4D5B-9B55-5C127603ADC9}"
EndProject
Project("{FAE04EC0-301F-11D3-BF4B-00C04F79EFBC}") = "Listing_1.05ParallelLinQ", "Listing_1.5ParallelLinQ\Listing_1.05ParallelLinQ.csproj", "{622B9832-B029-4FE9-AF73-778D63991342}"
EndProject
Project("{FAE04EC0-301F-11D3-BF4B-00C04F79EFBC}") = "Listing_1.06InformParallelization", "Listing_1.6InformParallelization\Listing_1.06InformParallelization.csproj", "{69349BCF-5E72-47F6-A6E4-64F748C428C9}"
EndProject
Project("{FAE04EC0-301F-11D3-BF4B-00C04F79EFBC}") = "Listing_1.07AsOrdered", "Listing_1.7AsOrdered\Listing_1.07AsOrdered.csproj", "{0270C773-82A2-4F42-A80A-F20D71E776FF}"
EndProject
Project("{FAE04EC0-301F-11D3-BF4B-00C04F79EFBC}") = "Listing_1.08AsSecuential", "Listing_1.8AsSecuential\Listing_1.08AsSecuential.csproj", "{136A58BE-08F3-4A60-85B1-FC77DED6555C}"
EndProject
Project("{FAE04EC0-301F-11D3-BF4B-00C04F79EFBC}") = "Listing_1.09ForAll", "Listing_1.9ForAll\Listing_1.09ForAll.csproj", "{B133337E-2053-4C2C-9E28-A5A0EC5E86B3}"
EndProject
Project("{FAE04EC0-301F-11D3-BF4B-00C04F79EFBC}") = "Listing_1.10ExceptionsPLINQ", "Listing_1.10ExceptionsPLINQ\Listing_1.10ExceptionsPLINQ.csproj", "{4F26AE02-8BE6-4951-AB7C-26A598AD1768}"
EndProject
Project("{FAE04EC0-301F-11D3-BF4B-00C04F79EFBC}") = "Listing_1.11CreateTask", "Lisging_1.11CreateTask\Listing_1.11CreateTask.csproj", "{9D60D215-3E55-4553-8F57-AB779541843A}"
EndProject
Project("{FAE04EC0-301F-11D3-BF4B-00C04F79EFBC}") = "Listing_1.12RunTask", "Listing_1.12RunTask\Listing_1.12RunTask.csproj", "{480B62C3-0D83-400D-928D-999FC7EB0802}"
EndProject
Project("{FAE04EC0-301F-11D3-BF4B-00C04F79EFBC}") = "Listing_1.13TaskReturningValue", "Listing_1.13TaskReturningValue\Listing_1.13TaskReturningValue.csproj", "{E862A021-A479-45BB-88C0-1F98A9F0DBF5}"
EndProject
Project("{FAE04EC0-301F-11D3-BF4B-00C04F79EFBC}") = "Listing_1.14TaskWaitall", "Listing_1.14TaskWaitall\Listing_1.14TaskWaitall.csproj", "{4AAA08EE-4B8B-45C1-956A-1FA158676221}"
EndProject
Project("{FAE04EC0-301F-11D3-BF4B-00C04F79EFBC}") = "Listing_1.15ContinuationTasks", "Listing_1.15ContinuationTasks\Listing_1.15ContinuationTasks.csproj", "{BB850BC3-3E57-4CEA-BC02-D908B5A799ED}"
EndProject
Project("{FAE04EC0-301F-11D3-BF4B-00C04F79EFBC}") = "Listing_1.16ContinuationOptions", "Listing_1.16ContinuationOptions\Listing_1.16ContinuationOptions.csproj", "{41784392-CEB2-40F6-806A-8DF8D2DB27B5}"
EndProject
Project("{FAE04EC0-301F-11D3-BF4B-00C04F79EFBC}") = "Listing_1.17Attached_child_tasks", "Listing_1.17Attached_child_tasks\Listing_1.17Attached_child_tasks.csproj", "{195F8BF4-5EB0-4C1E-80C8-1C533FE53712}"
EndProject
Project("{FAE04EC0-301F-11D3-BF4B-00C04F79EFBC}") = "Listing_1.18CreatingThreads", "Listing_1.18CreatingThreads\Listing_1.18CreatingThreads.csproj", "{D9F52764-D451-4904-940F-A074C50A0B2C}"
EndProject
Project("{FAE04EC0-301F-11D3-BF4B-00C04F79EFBC}") = "Listing_1.19ThreadStart", "Listing_1.19ThreadStart\Listing_1.19ThreadStart.csproj", "{43DD4070-621E-4D4B-B422-305F7775410B}"
EndProject
Project("{FAE04EC0-301F-11D3-BF4B-00C04F79EFBC}") = "Listing_1.20ThreadsLambdaExpressions", "Listing_1.20ThreadsLambdaExpressions\Listing_1.20ThreadsLambdaExpressions.csproj", "{2EC20635-519D-4FF8-AF6B-656A119D32D3}"
EndProject
Project("{FAE04EC0-301F-11D3-BF4B-00C04F79EFBC}") = "Listing_1.21ParameterizedThreadStart", "Listing_1.21ParameterizedThreadStart\Listing_1.21ParameterizedThreadStart.csproj", "{AFBECB28-A17B-4E05-B4D9-F43F17FD6A14}"
EndProject
Project("{FAE04EC0-301F-11D3-BF4B-00C04F79EFBC}") = "Listing_1.22ThreadLambdaParameters", "Listing_1.22ThreadLambdaParameters\Listing_1.22ThreadLambdaParameters.csproj", "{F6D4EA7F-A44D-447C-922B-277601207748}"
EndProject
Project("{FAE04EC0-301F-11D3-BF4B-00C04F79EFBC}") = "Listing_1.23AbortingThread", "Listing_1.23AbortingThread\Listing_1.23AbortingThread.csproj", "{21236251-0153-4D23-B401-E1E3B037462A}"
EndProject
Project("{FAE04EC0-301F-11D3-BF4B-00C04F79EFBC}") = "Listing_1.24SharedFlagVariable", "Listing_1.24SharedFlagVariable\Listing_1.24SharedFlagVariable.csproj", "{E4FD3FEC-03CD-40D6-BA42-2B5C512E9CC1}"
EndProject
Project("{FAE04EC0-301F-11D3-BF4B-00C04F79EFBC}") = "Prueba01", "Prueba01\Prueba01.csproj", "{FE2CC950-3BFF-4F43-A23D-08939F0B4612}"
EndProject
Project("{FAE04EC0-301F-11D3-BF4B-00C04F79EFBC}") = "Listing_1.25UsingJoin", "Listing_1.25UsingJoin\Listing_1.25UsingJoin.csproj", "{17EFCBC7-4B88-4420-B72F-4B6820DFBAD4}"
EndProject
Project("{FAE04EC0-301F-11D3-BF4B-00C04F79EFBC}") = "Listing_1.26ThreadLocal", "Listing_1.26ThreadLocal\Listing_1.26ThreadLocal.csproj", "{9F87F317-ABC5-4BE9-BC98-BA1DB400B395}"
EndProject
Project("{FAE04EC0-301F-11D3-BF4B-00C04F79EFBC}") = "Listing_1.27ThreadContext", "Listing_1.27ThreadContext\Listing_1.27ThreadContext.csproj", "{2E5D295F-2065-45C5-A32F-7499734A0108}"
EndProject
Project("{FAE04EC0-301F-11D3-BF4B-00C04F79EFBC}") = "Listing_1.28ThreadPool", "Listing_1.28ThreadPool\Listing_1.28ThreadPool.csproj", "{4D7F3E1D-5242-41F3-B981-3A471949AC51}"
EndProject
Project("{FAE04EC0-301F-11D3-BF4B-00C04F79EFBC}") = "Listing_1.29BlockingUI", "Listing_1.29BlockingUI\Listing_1.29BlockingUI.csproj", "{BB38FE78-4014-45EC-8A92-E61EE37A748B}"
EndProject
Project("{FAE04EC0-301F-11D3-BF4B-00C04F79EFBC}") = "Listing_1.30UsingATask", "Listing_1.30UsingATask\Listing_1.30UsingATask.csproj", "{57E5D3EF-C99A-4ED8-945D-9AF574ECF5E5}"
EndProject
Project("{FAE04EC0-301F-11D3-BF4B-00C04F79EFBC}") = "Listing_1.31UpdatingUI", "Listing_1.31UpdatingUI\Listing_1.31UpdatingUI.csproj", "{58FAFBAA-EF13-4A8A-8D21-184B3421CC2E}"
EndProject
Project("{FAE04EC0-301F-11D3-BF4B-00C04F79EFBC}") = "Listing_1.32UsingAsync", "Listing_1.32UsingAsync\Listing_1.32UsingAsync.csproj", "{29AA832E-3600-4E3C-807F-8A73C677CD39}"
EndProject
Project("{FAE04EC0-301F-11D3-BF4B-00C04F79EFBC}") = "Listing_1.33ExceptionsAsync", "Listing_1.33ExceptionsAsync\Listing_1.33ExceptionsAsync.csproj", "{2F601305-7DC0-4D70-B643-89154808C19A}"
EndProject
Project("{FAE04EC0-301F-11D3-BF4B-00C04F79EFBC}") = "Listing_1.34AwaitingParallelTasks", "Listing_1.34AwaitingParallelTasks\Listing_1.34AwaitingParallelTasks.csproj", "{F68270E9-7D25-4980-A60B-65665882F63F}"
EndProject
Global
	GlobalSection(SolutionConfigurationPlatforms) = preSolution
		Debug|Any CPU = Debug|Any CPU
		Release|Any CPU = Release|Any CPU
	EndGlobalSection
	GlobalSection(ProjectConfigurationPlatforms) = postSolution
		{9A5DA7F9-C937-4B2D-8A91-DA5580572A04}.Debug|Any CPU.ActiveCfg = Debug|Any CPU
		{9A5DA7F9-C937-4B2D-8A91-DA5580572A04}.Debug|Any CPU.Build.0 = Debug|Any CPU
		{9A5DA7F9-C937-4B2D-8A91-DA5580572A04}.Release|Any CPU.ActiveCfg = Release|Any CPU
		{9A5DA7F9-C937-4B2D-8A91-DA5580572A04}.Release|Any CPU.Build.0 = Release|Any CPU
		{59BF1DA9-C099-49A2-8AB4-BCF4298585D6}.Debug|Any CPU.ActiveCfg = Debug|Any CPU
		{59BF1DA9-C099-49A2-8AB4-BCF4298585D6}.Debug|Any CPU.Build.0 = Debug|Any CPU
		{59BF1DA9-C099-49A2-8AB4-BCF4298585D6}.Release|Any CPU.ActiveCfg = Release|Any CPU
		{59BF1DA9-C099-49A2-8AB4-BCF4298585D6}.Release|Any CPU.Build.0 = Release|Any CPU
		{F17B51B2-1A1D-4895-A4D4-55CF4F67BCC8}.Debug|Any CPU.ActiveCfg = Debug|Any CPU
		{F17B51B2-1A1D-4895-A4D4-55CF4F67BCC8}.Debug|Any CPU.Build.0 = Debug|Any CPU
		{F17B51B2-1A1D-4895-A4D4-55CF4F67BCC8}.Release|Any CPU.ActiveCfg = Release|Any CPU
		{F17B51B2-1A1D-4895-A4D4-55CF4F67BCC8}.Release|Any CPU.Build.0 = Release|Any CPU
		{8023335B-28A3-4D5B-9B55-5C127603ADC9}.Debug|Any CPU.ActiveCfg = Debug|Any CPU
		{8023335B-28A3-4D5B-9B55-5C127603ADC9}.Debug|Any CPU.Build.0 = Debug|Any CPU
		{8023335B-28A3-4D5B-9B55-5C127603ADC9}.Release|Any CPU.ActiveCfg = Release|Any CPU
		{8023335B-28A3-4D5B-9B55-5C127603ADC9}.Release|Any CPU.Build.0 = Release|Any CPU
		{622B9832-B029-4FE9-AF73-778D63991342}.Debug|Any CPU.ActiveCfg = Debug|Any CPU
		{622B9832-B029-4FE9-AF73-778D63991342}.Debug|Any CPU.Build.0 = Debug|Any CPU
		{622B9832-B029-4FE9-AF73-778D63991342}.Release|Any CPU.ActiveCfg = Release|Any CPU
		{622B9832-B029-4FE9-AF73-778D63991342}.Release|Any CPU.Build.0 = Release|Any CPU
		{69349BCF-5E72-47F6-A6E4-64F748C428C9}.Debug|Any CPU.ActiveCfg = Debug|Any CPU
		{69349BCF-5E72-47F6-A6E4-64F748C428C9}.Debug|Any CPU.Build.0 = Debug|Any CPU
		{69349BCF-5E72-47F6-A6E4-64F748C428C9}.Release|Any CPU.ActiveCfg = Release|Any CPU
		{69349BCF-5E72-47F6-A6E4-64F748C428C9}.Release|Any CPU.Build.0 = Release|Any CPU
		{0270C773-82A2-4F42-A80A-F20D71E776FF}.Debug|Any CPU.ActiveCfg = Debug|Any CPU
		{0270C773-82A2-4F42-A80A-F20D71E776FF}.Debug|Any CPU.Build.0 = Debug|Any CPU
		{0270C773-82A2-4F42-A80A-F20D71E776FF}.Release|Any CPU.ActiveCfg = Release|Any CPU
		{0270C773-82A2-4F42-A80A-F20D71E776FF}.Release|Any CPU.Build.0 = Release|Any CPU
		{136A58BE-08F3-4A60-85B1-FC77DED6555C}.Debug|Any CPU.ActiveCfg = Debug|Any CPU
		{136A58BE-08F3-4A60-85B1-FC77DED6555C}.Debug|Any CPU.Build.0 = Debug|Any CPU
		{136A58BE-08F3-4A60-85B1-FC77DED6555C}.Release|Any CPU.ActiveCfg = Release|Any CPU
		{136A58BE-08F3-4A60-85B1-FC77DED6555C}.Release|Any CPU.Build.0 = Release|Any CPU
		{B133337E-2053-4C2C-9E28-A5A0EC5E86B3}.Debug|Any CPU.ActiveCfg = Debug|Any CPU
		{B133337E-2053-4C2C-9E28-A5A0EC5E86B3}.Debug|Any CPU.Build.0 = Debug|Any CPU
		{B133337E-2053-4C2C-9E28-A5A0EC5E86B3}.Release|Any CPU.ActiveCfg = Release|Any CPU
		{B133337E-2053-4C2C-9E28-A5A0EC5E86B3}.Release|Any CPU.Build.0 = Release|Any CPU
		{4F26AE02-8BE6-4951-AB7C-26A598AD1768}.Debug|Any CPU.ActiveCfg = Debug|Any CPU
		{4F26AE02-8BE6-4951-AB7C-26A598AD1768}.Debug|Any CPU.Build.0 = Debug|Any CPU
		{4F26AE02-8BE6-4951-AB7C-26A598AD1768}.Release|Any CPU.ActiveCfg = Release|Any CPU
		{4F26AE02-8BE6-4951-AB7C-26A598AD1768}.Release|Any CPU.Build.0 = Release|Any CPU
		{9D60D215-3E55-4553-8F57-AB779541843A}.Debug|Any CPU.ActiveCfg = Debug|Any CPU
		{9D60D215-3E55-4553-8F57-AB779541843A}.Debug|Any CPU.Build.0 = Debug|Any CPU
		{9D60D215-3E55-4553-8F57-AB779541843A}.Release|Any CPU.ActiveCfg = Release|Any CPU
		{9D60D215-3E55-4553-8F57-AB779541843A}.Release|Any CPU.Build.0 = Release|Any CPU
		{480B62C3-0D83-400D-928D-999FC7EB0802}.Debug|Any CPU.ActiveCfg = Debug|Any CPU
		{480B62C3-0D83-400D-928D-999FC7EB0802}.Debug|Any CPU.Build.0 = Debug|Any CPU
		{480B62C3-0D83-400D-928D-999FC7EB0802}.Release|Any CPU.ActiveCfg = Release|Any CPU
		{480B62C3-0D83-400D-928D-999FC7EB0802}.Release|Any CPU.Build.0 = Release|Any CPU
		{E862A021-A479-45BB-88C0-1F98A9F0DBF5}.Debug|Any CPU.ActiveCfg = Debug|Any CPU
		{E862A021-A479-45BB-88C0-1F98A9F0DBF5}.Debug|Any CPU.Build.0 = Debug|Any CPU
		{E862A021-A479-45BB-88C0-1F98A9F0DBF5}.Release|Any CPU.ActiveCfg = Release|Any CPU
		{E862A021-A479-45BB-88C0-1F98A9F0DBF5}.Release|Any CPU.Build.0 = Release|Any CPU
		{4AAA08EE-4B8B-45C1-956A-1FA158676221}.Debug|Any CPU.ActiveCfg = Debug|Any CPU
		{4AAA08EE-4B8B-45C1-956A-1FA158676221}.Debug|Any CPU.Build.0 = Debug|Any CPU
		{4AAA08EE-4B8B-45C1-956A-1FA158676221}.Release|Any CPU.ActiveCfg = Release|Any CPU
		{4AAA08EE-4B8B-45C1-956A-1FA158676221}.Release|Any CPU.Build.0 = Release|Any CPU
		{BB850BC3-3E57-4CEA-BC02-D908B5A799ED}.Debug|Any CPU.ActiveCfg = Debug|Any CPU
		{BB850BC3-3E57-4CEA-BC02-D908B5A799ED}.Debug|Any CPU.Build.0 = Debug|Any CPU
		{BB850BC3-3E57-4CEA-BC02-D908B5A799ED}.Release|Any CPU.ActiveCfg = Release|Any CPU
		{BB850BC3-3E57-4CEA-BC02-D908B5A799ED}.Release|Any CPU.Build.0 = Release|Any CPU
		{41784392-CEB2-40F6-806A-8DF8D2DB27B5}.Debug|Any CPU.ActiveCfg = Debug|Any CPU
		{41784392-CEB2-40F6-806A-8DF8D2DB27B5}.Debug|Any CPU.Build.0 = Debug|Any CPU
		{41784392-CEB2-40F6-806A-8DF8D2DB27B5}.Release|Any CPU.ActiveCfg = Release|Any CPU
		{41784392-CEB2-40F6-806A-8DF8D2DB27B5}.Release|Any CPU.Build.0 = Release|Any CPU
		{195F8BF4-5EB0-4C1E-80C8-1C533FE53712}.Debug|Any CPU.ActiveCfg = Debug|Any CPU
		{195F8BF4-5EB0-4C1E-80C8-1C533FE53712}.Debug|Any CPU.Build.0 = Debug|Any CPU
		{195F8BF4-5EB0-4C1E-80C8-1C533FE53712}.Release|Any CPU.ActiveCfg = Release|Any CPU
		{195F8BF4-5EB0-4C1E-80C8-1C533FE53712}.Release|Any CPU.Build.0 = Release|Any CPU
		{D9F52764-D451-4904-940F-A074C50A0B2C}.Debug|Any CPU.ActiveCfg = Debug|Any CPU
		{D9F52764-D451-4904-940F-A074C50A0B2C}.Debug|Any CPU.Build.0 = Debug|Any CPU
		{D9F52764-D451-4904-940F-A074C50A0B2C}.Release|Any CPU.ActiveCfg = Release|Any CPU
		{D9F52764-D451-4904-940F-A074C50A0B2C}.Release|Any CPU.Build.0 = Release|Any CPU
		{43DD4070-621E-4D4B-B422-305F7775410B}.Debug|Any CPU.ActiveCfg = Debug|Any CPU
		{43DD4070-621E-4D4B-B422-305F7775410B}.Debug|Any CPU.Build.0 = Debug|Any CPU
		{43DD4070-621E-4D4B-B422-305F7775410B}.Release|Any CPU.ActiveCfg = Release|Any CPU
		{43DD4070-621E-4D4B-B422-305F7775410B}.Release|Any CPU.Build.0 = Release|Any CPU
		{2EC20635-519D-4FF8-AF6B-656A119D32D3}.Debug|Any CPU.ActiveCfg = Debug|Any CPU
		{2EC20635-519D-4FF8-AF6B-656A119D32D3}.Debug|Any CPU.Build.0 = Debug|Any CPU
		{2EC20635-519D-4FF8-AF6B-656A119D32D3}.Release|Any CPU.ActiveCfg = Release|Any CPU
		{2EC20635-519D-4FF8-AF6B-656A119D32D3}.Release|Any CPU.Build.0 = Release|Any CPU
		{AFBECB28-A17B-4E05-B4D9-F43F17FD6A14}.Debug|Any CPU.ActiveCfg = Debug|Any CPU
		{AFBECB28-A17B-4E05-B4D9-F43F17FD6A14}.Debug|Any CPU.Build.0 = Debug|Any CPU
		{AFBECB28-A17B-4E05-B4D9-F43F17FD6A14}.Release|Any CPU.ActiveCfg = Release|Any CPU
		{AFBECB28-A17B-4E05-B4D9-F43F17FD6A14}.Release|Any CPU.Build.0 = Release|Any CPU
		{F6D4EA7F-A44D-447C-922B-277601207748}.Debug|Any CPU.ActiveCfg = Debug|Any CPU
		{F6D4EA7F-A44D-447C-922B-277601207748}.Debug|Any CPU.Build.0 = Debug|Any CPU
		{F6D4EA7F-A44D-447C-922B-277601207748}.Release|Any CPU.ActiveCfg = Release|Any CPU
		{F6D4EA7F-A44D-447C-922B-277601207748}.Release|Any CPU.Build.0 = Release|Any CPU
		{21236251-0153-4D23-B401-E1E3B037462A}.Debug|Any CPU.ActiveCfg = Debug|Any CPU
		{21236251-0153-4D23-B401-E1E3B037462A}.Debug|Any CPU.Build.0 = Debug|Any CPU
		{21236251-0153-4D23-B401-E1E3B037462A}.Release|Any CPU.ActiveCfg = Release|Any CPU
		{21236251-0153-4D23-B401-E1E3B037462A}.Release|Any CPU.Build.0 = Release|Any CPU
		{E4FD3FEC-03CD-40D6-BA42-2B5C512E9CC1}.Debug|Any CPU.ActiveCfg = Debug|Any CPU
		{E4FD3FEC-03CD-40D6-BA42-2B5C512E9CC1}.Debug|Any CPU.Build.0 = Debug|Any CPU
		{E4FD3FEC-03CD-40D6-BA42-2B5C512E9CC1}.Release|Any CPU.ActiveCfg = Release|Any CPU
		{E4FD3FEC-03CD-40D6-BA42-2B5C512E9CC1}.Release|Any CPU.Build.0 = Release|Any CPU
		{FE2CC950-3BFF-4F43-A23D-08939F0B4612}.Debug|Any CPU.ActiveCfg = Debug|Any CPU
		{FE2CC950-3BFF-4F43-A23D-08939F0B4612}.Debug|Any CPU.Build.0 = Debug|Any CPU
		{FE2CC950-3BFF-4F43-A23D-08939F0B4612}.Release|Any CPU.ActiveCfg = Release|Any CPU
		{FE2CC950-3BFF-4F43-A23D-08939F0B4612}.Release|Any CPU.Build.0 = Release|Any CPU
		{17EFCBC7-4B88-4420-B72F-4B6820DFBAD4}.Debug|Any CPU.ActiveCfg = Debug|Any CPU
		{17EFCBC7-4B88-4420-B72F-4B6820DFBAD4}.Debug|Any CPU.Build.0 = Debug|Any CPU
		{17EFCBC7-4B88-4420-B72F-4B6820DFBAD4}.Release|Any CPU.ActiveCfg = Release|Any CPU
		{17EFCBC7-4B88-4420-B72F-4B6820DFBAD4}.Release|Any CPU.Build.0 = Release|Any CPU
		{9F87F317-ABC5-4BE9-BC98-BA1DB400B395}.Debug|Any CPU.ActiveCfg = Debug|Any CPU
		{9F87F317-ABC5-4BE9-BC98-BA1DB400B395}.Debug|Any CPU.Build.0 = Debug|Any CPU
		{9F87F317-ABC5-4BE9-BC98-BA1DB400B395}.Release|Any CPU.ActiveCfg = Release|Any CPU
		{9F87F317-ABC5-4BE9-BC98-BA1DB400B395}.Release|Any CPU.Build.0 = Release|Any CPU
		{2E5D295F-2065-45C5-A32F-7499734A0108}.Debug|Any CPU.ActiveCfg = Debug|Any CPU
		{2E5D295F-2065-45C5-A32F-7499734A0108}.Debug|Any CPU.Build.0 = Debug|Any CPU
		{2E5D295F-2065-45C5-A32F-7499734A0108}.Release|Any CPU.ActiveCfg = Release|Any CPU
		{2E5D295F-2065-45C5-A32F-7499734A0108}.Release|Any CPU.Build.0 = Release|Any CPU
		{4D7F3E1D-5242-41F3-B981-3A471949AC51}.Debug|Any CPU.ActiveCfg = Debug|Any CPU
		{4D7F3E1D-5242-41F3-B981-3A471949AC51}.Debug|Any CPU.Build.0 = Debug|Any CPU
		{4D7F3E1D-5242-41F3-B981-3A471949AC51}.Release|Any CPU.ActiveCfg = Release|Any CPU
		{4D7F3E1D-5242-41F3-B981-3A471949AC51}.Release|Any CPU.Build.0 = Release|Any CPU
		{BB38FE78-4014-45EC-8A92-E61EE37A748B}.Debug|Any CPU.ActiveCfg = Debug|Any CPU
		{BB38FE78-4014-45EC-8A92-E61EE37A748B}.Debug|Any CPU.Build.0 = Debug|Any CPU
		{BB38FE78-4014-45EC-8A92-E61EE37A748B}.Release|Any CPU.ActiveCfg = Release|Any CPU
		{BB38FE78-4014-45EC-8A92-E61EE37A748B}.Release|Any CPU.Build.0 = Release|Any CPU
		{57E5D3EF-C99A-4ED8-945D-9AF574ECF5E5}.Debug|Any CPU.ActiveCfg = Debug|Any CPU
		{57E5D3EF-C99A-4ED8-945D-9AF574ECF5E5}.Debug|Any CPU.Build.0 = Debug|Any CPU
		{57E5D3EF-C99A-4ED8-945D-9AF574ECF5E5}.Release|Any CPU.ActiveCfg = Release|Any CPU
		{57E5D3EF-C99A-4ED8-945D-9AF574ECF5E5}.Release|Any CPU.Build.0 = Release|Any CPU
		{58FAFBAA-EF13-4A8A-8D21-184B3421CC2E}.Debug|Any CPU.ActiveCfg = Debug|Any CPU
		{58FAFBAA-EF13-4A8A-8D21-184B3421CC2E}.Debug|Any CPU.Build.0 = Debug|Any CPU
		{58FAFBAA-EF13-4A8A-8D21-184B3421CC2E}.Release|Any CPU.ActiveCfg = Release|Any CPU
		{58FAFBAA-EF13-4A8A-8D21-184B3421CC2E}.Release|Any CPU.Build.0 = Release|Any CPU
		{29AA832E-3600-4E3C-807F-8A73C677CD39}.Debug|Any CPU.ActiveCfg = Debug|Any CPU
		{29AA832E-3600-4E3C-807F-8A73C677CD39}.Debug|Any CPU.Build.0 = Debug|Any CPU
		{29AA832E-3600-4E3C-807F-8A73C677CD39}.Release|Any CPU.ActiveCfg = Release|Any CPU
		{29AA832E-3600-4E3C-807F-8A73C677CD39}.Release|Any CPU.Build.0 = Release|Any CPU
		{2F601305-7DC0-4D70-B643-89154808C19A}.Debug|Any CPU.ActiveCfg = Debug|Any CPU
		{2F601305-7DC0-4D70-B643-89154808C19A}.Debug|Any CPU.Build.0 = Debug|Any CPU
		{2F601305-7DC0-4D70-B643-89154808C19A}.Release|Any CPU.ActiveCfg = Release|Any CPU
		{2F601305-7DC0-4D70-B643-89154808C19A}.Release|Any CPU.Build.0 = Release|Any CPU
		{F68270E9-7D25-4980-A60B-65665882F63F}.Debug|Any CPU.ActiveCfg = Debug|Any CPU
		{F68270E9-7D25-4980-A60B-65665882F63F}.Debug|Any CPU.Build.0 = Debug|Any CPU
		{F68270E9-7D25-4980-A60B-65665882F63F}.Release|Any CPU.ActiveCfg = Release|Any CPU
		{F68270E9-7D25-4980-A60B-65665882F63F}.Release|Any CPU.Build.0 = Release|Any CPU
	EndGlobalSection
	GlobalSection(SolutionProperties) = preSolution
		HideSolutionNode = FALSE
	EndGlobalSection
	GlobalSection(NestedProjects) = preSolution
		{9A5DA7F9-C937-4B2D-8A91-DA5580572A04} = {B473A6A9-FAD7-435D-AD4E-1C681F0549D4}
		{59BF1DA9-C099-49A2-8AB4-BCF4298585D6} = {B473A6A9-FAD7-435D-AD4E-1C681F0549D4}
		{F17B51B2-1A1D-4895-A4D4-55CF4F67BCC8} = {B473A6A9-FAD7-435D-AD4E-1C681F0549D4}
		{8023335B-28A3-4D5B-9B55-5C127603ADC9} = {B473A6A9-FAD7-435D-AD4E-1C681F0549D4}
		{622B9832-B029-4FE9-AF73-778D63991342} = {B473A6A9-FAD7-435D-AD4E-1C681F0549D4}
		{69349BCF-5E72-47F6-A6E4-64F748C428C9} = {B473A6A9-FAD7-435D-AD4E-1C681F0549D4}
		{0270C773-82A2-4F42-A80A-F20D71E776FF} = {B473A6A9-FAD7-435D-AD4E-1C681F0549D4}
		{136A58BE-08F3-4A60-85B1-FC77DED6555C} = {B473A6A9-FAD7-435D-AD4E-1C681F0549D4}
		{B133337E-2053-4C2C-9E28-A5A0EC5E86B3} = {B473A6A9-FAD7-435D-AD4E-1C681F0549D4}
		{4F26AE02-8BE6-4951-AB7C-26A598AD1768} = {B473A6A9-FAD7-435D-AD4E-1C681F0549D4}
		{9D60D215-3E55-4553-8F57-AB779541843A} = {B473A6A9-FAD7-435D-AD4E-1C681F0549D4}
		{480B62C3-0D83-400D-928D-999FC7EB0802} = {B473A6A9-FAD7-435D-AD4E-1C681F0549D4}
		{E862A021-A479-45BB-88C0-1F98A9F0DBF5} = {B473A6A9-FAD7-435D-AD4E-1C681F0549D4}
		{4AAA08EE-4B8B-45C1-956A-1FA158676221} = {B473A6A9-FAD7-435D-AD4E-1C681F0549D4}
		{BB850BC3-3E57-4CEA-BC02-D908B5A799ED} = {B473A6A9-FAD7-435D-AD4E-1C681F0549D4}
		{41784392-CEB2-40F6-806A-8DF8D2DB27B5} = {B473A6A9-FAD7-435D-AD4E-1C681F0549D4}
		{195F8BF4-5EB0-4C1E-80C8-1C533FE53712} = {B473A6A9-FAD7-435D-AD4E-1C681F0549D4}
		{D9F52764-D451-4904-940F-A074C50A0B2C} = {B473A6A9-FAD7-435D-AD4E-1C681F0549D4}
		{43DD4070-621E-4D4B-B422-305F7775410B} = {B473A6A9-FAD7-435D-AD4E-1C681F0549D4}
		{2EC20635-519D-4FF8-AF6B-656A119D32D3} = {B473A6A9-FAD7-435D-AD4E-1C681F0549D4}
		{AFBECB28-A17B-4E05-B4D9-F43F17FD6A14} = {B473A6A9-FAD7-435D-AD4E-1C681F0549D4}
		{F6D4EA7F-A44D-447C-922B-277601207748} = {B473A6A9-FAD7-435D-AD4E-1C681F0549D4}
		{21236251-0153-4D23-B401-E1E3B037462A} = {B473A6A9-FAD7-435D-AD4E-1C681F0549D4}
		{E4FD3FEC-03CD-40D6-BA42-2B5C512E9CC1} = {B473A6A9-FAD7-435D-AD4E-1C681F0549D4}
		{17EFCBC7-4B88-4420-B72F-4B6820DFBAD4} = {B473A6A9-FAD7-435D-AD4E-1C681F0549D4}
		{9F87F317-ABC5-4BE9-BC98-BA1DB400B395} = {B473A6A9-FAD7-435D-AD4E-1C681F0549D4}
		{2E5D295F-2065-45C5-A32F-7499734A0108} = {B473A6A9-FAD7-435D-AD4E-1C681F0549D4}
		{4D7F3E1D-5242-41F3-B981-3A471949AC51} = {B473A6A9-FAD7-435D-AD4E-1C681F0549D4}
		{BB38FE78-4014-45EC-8A92-E61EE37A748B} = {B473A6A9-FAD7-435D-AD4E-1C681F0549D4}
		{57E5D3EF-C99A-4ED8-945D-9AF574ECF5E5} = {B473A6A9-FAD7-435D-AD4E-1C681F0549D4}
		{58FAFBAA-EF13-4A8A-8D21-184B3421CC2E} = {B473A6A9-FAD7-435D-AD4E-1C681F0549D4}
		{29AA832E-3600-4E3C-807F-8A73C677CD39} = {B473A6A9-FAD7-435D-AD4E-1C681F0549D4}
		{2F601305-7DC0-4D70-B643-89154808C19A} = {B473A6A9-FAD7-435D-AD4E-1C681F0549D4}
		{F68270E9-7D25-4980-A60B-65665882F63F} = {B473A6A9-FAD7-435D-AD4E-1C681F0549D4}
	EndGlobalSection
	GlobalSection(ExtensibilityGlobals) = postSolution
		SolutionGuid = {DEF1AEC9-1E6B-4E7B-A524-F76B8083EBFE}
	EndGlobalSection
EndGlobal
